
Microsoft Visual Studio Solution File, Format Version 12.00
# Visual Studio Version 16
VisualStudioVersion = 16.0.30804.86
MinimumVisualStudioVersion = 10.0.40219.1
Project("{FAE04EC0-301F-11D3-BF4B-00C04F79EFBC}") = "JakContinueMapper", "JakContinueMapper\JakContinueMapper.csproj", "{8F976A11-D78A-4ABA-ABD2-A0CC5A8211AE}"
EndProject
Global
	GlobalSection(SolutionConfigurationPlatforms) = preSolution
		Debug|Any CPU = Debug|Any CPU
		Release|Any CPU = Release|Any CPU
	EndGlobalSection
	GlobalSection(ProjectConfigurationPlatforms) = postSolution
		{8F976A11-D78A-4ABA-ABD2-A0CC5A8211AE}.Debug|Any CPU.ActiveCfg = Debug|Any CPU
		{8F976A11-D78A-4ABA-ABD2-A0CC5A8211AE}.Debug|Any CPU.Build.0 = Debug|Any CPU
		{8F976A11-D78A-4ABA-ABD2-A0CC5A8211AE}.Release|Any CPU.ActiveCfg = Release|Any CPU
		{8F976A11-D78A-4ABA-ABD2-A0CC5A8211AE}.Release|Any CPU.Build.0 = Release|Any CPU
	EndGlobalSection
	GlobalSection(SolutionProperties) = preSolution
		HideSolutionNode = FALSE
	EndGlobalSection
	GlobalSection(ExtensibilityGlobals) = postSolution
		SolutionGuid = {9AF1C7A3-5203-452C-8DFC-F60F5F36D901}
	EndGlobalSection
EndGlobal
